
Microsoft Visual Studio Solution File, Format Version 12.00
# Visual Studio 15
VisualStudioVersion = 15.0.26730.16
MinimumVisualStudioVersion = 10.0.40219.1
Project("{FAE04EC0-301F-11D3-BF4B-00C04F79EFBC}") = "ArmorOptimizer", "ArmorOptimizer.csproj", "{7FA99062-E230-4A59-BA08-D79DB91395F9}"
EndProject
Global
	GlobalSection(SolutionConfigurationPlatforms) = preSolution
		Debug|Any CPU = Debug|Any CPU
		Release|Any CPU = Release|Any CPU
	EndGlobalSection
	GlobalSection(ProjectConfigurationPlatforms) = postSolution
		{7FA99062-E230-4A59-BA08-D79DB91395F9}.Debug|Any CPU.ActiveCfg = Debug|Any CPU
		{7FA99062-E230-4A59-BA08-D79DB91395F9}.Debug|Any CPU.Build.0 = Debug|Any CPU
		{7FA99062-E230-4A59-BA08-D79DB91395F9}.Release|Any CPU.ActiveCfg = Release|Any CPU
		{7FA99062-E230-4A59-BA08-D79DB91395F9}.Release|Any CPU.Build.0 = Release|Any CPU
	EndGlobalSection
	GlobalSection(SolutionProperties) = preSolution
		HideSolutionNode = FALSE
	EndGlobalSection
	GlobalSection(ExtensibilityGlobals) = postSolution
		SolutionGuid = {081C8DFE-85F2-48A7-B85E-A276F9366AD4}
	EndGlobalSection
EndGlobal
